// !$*UTF8*$!
{
	archiveVersion = 1;
	classes = {
	};
	objectVersion = 56;
	objects = {

/* Begin PBXBuildFile section */
		CA3C5FA02B4EEF4800E1E2DE /* Country_Flag_GameApp.swift in Sources */ = {isa = PBXBuildFile; fileRef = CA3C5F9F2B4EEF4800E1E2DE /* Country_Flag_GameApp.swift */; };
		CA3C5FA22B4EEF4800E1E2DE /* ContentView.swift in Sources */ = {isa = PBXBuildFile; fileRef = CA3C5FA12B4EEF4800E1E2DE /* ContentView.swift */; };
		CA3C5FA42B4EEF4A00E1E2DE /* Assets.xcassets in Resources */ = {isa = PBXBuildFile; fileRef = CA3C5FA32B4EEF4A00E1E2DE /* Assets.xcassets */; };
		CA3C5FA82B4EEF4A00E1E2DE /* Preview Assets.xcassets in Resources */ = {isa = PBXBuildFile; fileRef = CA3C5FA72B4EEF4A00E1E2DE /* Preview Assets.xcassets */; };
		CA3C5FB22B4EEF4A00E1E2DE /* Country_Flag_GameTests.swift in Sources */ = {isa = PBXBuildFile; fileRef = CA3C5FB12B4EEF4A00E1E2DE /* Country_Flag_GameTests.swift */; };
		CA3C5FBC2B4EEF4A00E1E2DE /* Country_Flag_GameUITests.swift in Sources */ = {isa = PBXBuildFile; fileRef = CA3C5FBB2B4EEF4A00E1E2DE /* Country_Flag_GameUITests.swift */; };
		CA3C5FBE2B4EEF4A00E1E2DE /* Country_Flag_GameUITestsLaunchTests.swift in Sources */ = {isa = PBXBuildFile; fileRef = CA3C5FBD2B4EEF4A00E1E2DE /* Country_Flag_GameUITestsLaunchTests.swift */; };
		CA3C5FCF2B4EF12C00E1E2DE /* Question.swift in Sources */ = {isa = PBXBuildFile; fileRef = CA3C5FCE2B4EF12C00E1E2DE /* Question.swift */; };
		CA3C5FD12B4EF21700E1E2DE /* CustomButton.swift in Sources */ = {isa = PBXBuildFile; fileRef = CA3C5FD02B4EF21700E1E2DE /* CustomButton.swift */; };
		CA3C5FD32B4EF2AF00E1E2DE /* ProgressBar.swift in Sources */ = {isa = PBXBuildFile; fileRef = CA3C5FD22B4EF2AF00E1E2DE /* ProgressBar.swift */; };
		CA3C5FD52B503F3100E1E2DE /* AnswerRow.swift in Sources */ = {isa = PBXBuildFile; fileRef = CA3C5FD42B503F3100E1E2DE /* AnswerRow.swift */; };
		CA3C5FD72B50415800E1E2DE /* QuestionView.swift in Sources */ = {isa = PBXBuildFile; fileRef = CA3C5FD62B50415800E1E2DE /* QuestionView.swift */; };
/* End PBXBuildFile section */

/* Begin PBXContainerItemProxy section */
		CA3C5FAE2B4EEF4A00E1E2DE /* PBXContainerItemProxy */ = {
			isa = PBXContainerItemProxy;
			containerPortal = CA3C5F942B4EEF4800E1E2DE /* Project object */;
			proxyType = 1;
			remoteGlobalIDString = CA3C5F9B2B4EEF4800E1E2DE;
			remoteInfo = "Country Flag Game";
		};
		CA3C5FB82B4EEF4A00E1E2DE /* PBXContainerItemProxy */ = {
			isa = PBXContainerItemProxy;
			containerPortal = CA3C5F942B4EEF4800E1E2DE /* Project object */;
			proxyType = 1;
			remoteGlobalIDString = CA3C5F9B2B4EEF4800E1E2DE;
			remoteInfo = "Country Flag Game";
		};
/* End PBXContainerItemProxy section */

/* Begin PBXFileReference section */
		CA3C5F9C2B4EEF4800E1E2DE /* Country Flag Game.app */ = {isa = PBXFileReference; explicitFileType = wrapper.application; includeInIndex = 0; path = "Country Flag Game.app"; sourceTree = BUILT_PRODUCTS_DIR; };
		CA3C5F9F2B4EEF4800E1E2DE /* Country_Flag_GameApp.swift */ = {isa = PBXFileReference; lastKnownFileType = sourcecode.swift; path = Country_Flag_GameApp.swift; sourceTree = "<group>"; };
		CA3C5FA12B4EEF4800E1E2DE /* ContentView.swift */ = {isa = PBXFileReference; lastKnownFileType = sourcecode.swift; path = ContentView.swift; sourceTree = "<group>"; };
		CA3C5FA32B4EEF4A00E1E2DE /* Assets.xcassets */ = {isa = PBXFileReference; lastKnownFileType = folder.assetcatalog; path = Assets.xcassets; sourceTree = "<group>"; };
		CA3C5FA52B4EEF4A00E1E2DE /* Country_Flag_Game.entitlements */ = {isa = PBXFileReference; lastKnownFileType = text.plist.entitlements; path = Country_Flag_Game.entitlements; sourceTree = "<group>"; };
		CA3C5FA72B4EEF4A00E1E2DE /* Preview Assets.xcassets */ = {isa = PBXFileReference; lastKnownFileType = folder.assetcatalog; path = "Preview Assets.xcassets"; sourceTree = "<group>"; };
		CA3C5FAD2B4EEF4A00E1E2DE /* Country Flag GameTests.xctest */ = {isa = PBXFileReference; explicitFileType = wrapper.cfbundle; includeInIndex = 0; path = "Country Flag GameTests.xctest"; sourceTree = BUILT_PRODUCTS_DIR; };
		CA3C5FB12B4EEF4A00E1E2DE /* Country_Flag_GameTests.swift */ = {isa = PBXFileReference; lastKnownFileType = sourcecode.swift; path = Country_Flag_GameTests.swift; sourceTree = "<group>"; };
		CA3C5FB72B4EEF4A00E1E2DE /* Country Flag GameUITests.xctest */ = {isa = PBXFileReference; explicitFileType = wrapper.cfbundle; includeInIndex = 0; path = "Country Flag GameUITests.xctest"; sourceTree = BUILT_PRODUCTS_DIR; };
		CA3C5FBB2B4EEF4A00E1E2DE /* Country_Flag_GameUITests.swift */ = {isa = PBXFileReference; lastKnownFileType = sourcecode.swift; path = Country_Flag_GameUITests.swift; sourceTree = "<group>"; };
		CA3C5FBD2B4EEF4A00E1E2DE /* Country_Flag_GameUITestsLaunchTests.swift */ = {isa = PBXFileReference; lastKnownFileType = sourcecode.swift; path = Country_Flag_GameUITestsLaunchTests.swift; sourceTree = "<group>"; };
		CA3C5FCE2B4EF12C00E1E2DE /* Question.swift */ = {isa = PBXFileReference; lastKnownFileType = sourcecode.swift; path = Question.swift; sourceTree = "<group>"; };
		CA3C5FD02B4EF21700E1E2DE /* CustomButton.swift */ = {isa = PBXFileReference; lastKnownFileType = sourcecode.swift; path = CustomButton.swift; sourceTree = "<group>"; };
		CA3C5FD22B4EF2AF00E1E2DE /* ProgressBar.swift */ = {isa = PBXFileReference; lastKnownFileType = sourcecode.swift; path = ProgressBar.swift; sourceTree = "<group>"; };
		CA3C5FD42B503F3100E1E2DE /* AnswerRow.swift */ = {isa = PBXFileReference; lastKnownFileType = sourcecode.swift; path = AnswerRow.swift; sourceTree = "<group>"; };
		CA3C5FD62B50415800E1E2DE /* QuestionView.swift */ = {isa = PBXFileReference; lastKnownFileType = sourcecode.swift; path = QuestionView.swift; sourceTree = "<group>"; };
/* End PBXFileReference section */

/* Begin PBXFrameworksBuildPhase section */
		CA3C5F992B4EEF4800E1E2DE /* Frameworks */ = {
			isa = PBXFrameworksBuildPhase;
			buildActionMask = 2147483647;
			files = (
			);
			runOnlyForDeploymentPostprocessing = 0;
		};
		CA3C5FAA2B4EEF4A00E1E2DE /* Frameworks */ = {
			isa = PBXFrameworksBuildPhase;
			buildActionMask = 2147483647;
			files = (
			);
			runOnlyForDeploymentPostprocessing = 0;
		};
		CA3C5FB42B4EEF4A00E1E2DE /* Frameworks */ = {
			isa = PBXFrameworksBuildPhase;
			buildActionMask = 2147483647;
			files = (
			);
			runOnlyForDeploymentPostprocessing = 0;
		};
/* End PBXFrameworksBuildPhase section */

/* Begin PBXGroup section */
		CA3C5F932B4EEF4800E1E2DE = {
			isa = PBXGroup;
			children = (
				CA3C5F9E2B4EEF4800E1E2DE /* Country Flag Game */,
				CA3C5FB02B4EEF4A00E1E2DE /* Country Flag GameTests */,
				CA3C5FBA2B4EEF4A00E1E2DE /* Country Flag GameUITests */,
				CA3C5F9D2B4EEF4800E1E2DE /* Products */,
			);
			sourceTree = "<group>";
		};
		CA3C5F9D2B4EEF4800E1E2DE /* Products */ = {
			isa = PBXGroup;
			children = (
				CA3C5F9C2B4EEF4800E1E2DE /* Country Flag Game.app */,
				CA3C5FAD2B4EEF4A00E1E2DE /* Country Flag GameTests.xctest */,
				CA3C5FB72B4EEF4A00E1E2DE /* Country Flag GameUITests.xctest */,
			);
			name = Products;
			sourceTree = "<group>";
		};
		CA3C5F9E2B4EEF4800E1E2DE /* Country Flag Game */ = {
			isa = PBXGroup;
			children = (
				CA3C5F9F2B4EEF4800E1E2DE /* Country_Flag_GameApp.swift */,
				CA3C5FCA2B4EF04000E1E2DE /* Views */,
				CA3C5FCC2B4EF07A00E1E2DE /* Components */,
				CA3C5FCD2B4EF09100E1E2DE /* Models */,
				CA3C5FA32B4EEF4A00E1E2DE /* Assets.xcassets */,
				CA3C5FA52B4EEF4A00E1E2DE /* Country_Flag_Game.entitlements */,
				CA3C5FA62B4EEF4A00E1E2DE /* Preview Content */,
			);
			path = "Country Flag Game";
			sourceTree = "<group>";
		};
		CA3C5FA62B4EEF4A00E1E2DE /* Preview Content */ = {
			isa = PBXGroup;
			children = (
				CA3C5FA72B4EEF4A00E1E2DE /* Preview Assets.xcassets */,
			);
			path = "Preview Content";
			sourceTree = "<group>";
		};
		CA3C5FB02B4EEF4A00E1E2DE /* Country Flag GameTests */ = {
			isa = PBXGroup;
			children = (
				CA3C5FB12B4EEF4A00E1E2DE /* Country_Flag_GameTests.swift */,
			);
			path = "Country Flag GameTests";
			sourceTree = "<group>";
		};
		CA3C5FBA2B4EEF4A00E1E2DE /* Country Flag GameUITests */ = {
			isa = PBXGroup;
			children = (
				CA3C5FBB2B4EEF4A00E1E2DE /* Country_Flag_GameUITests.swift */,
				CA3C5FBD2B4EEF4A00E1E2DE /* Country_Flag_GameUITestsLaunchTests.swift */,
			);
			path = "Country Flag GameUITests";
			sourceTree = "<group>";
		};
		CA3C5FCA2B4EF04000E1E2DE /* Views */ = {
			isa = PBXGroup;
			children = (
				CA3C5FA12B4EEF4800E1E2DE /* ContentView.swift */,
				CA3C5FD62B50415800E1E2DE /* QuestionView.swift */,
			);
			path = Views;
			sourceTree = "<group>";
		};
		CA3C5FCC2B4EF07A00E1E2DE /* Components */ = {
			isa = PBXGroup;
			children = (
				CA3C5FD02B4EF21700E1E2DE /* CustomButton.swift */,
				CA3C5FD22B4EF2AF00E1E2DE /* ProgressBar.swift */,
				CA3C5FD42B503F3100E1E2DE /* AnswerRow.swift */,
			);
			path = Components;
			sourceTree = "<group>";
		};
		CA3C5FCD2B4EF09100E1E2DE /* Models */ = {
			isa = PBXGroup;
			children = (
				CA3C5FCE2B4EF12C00E1E2DE /* Question.swift */,
			);
			path = Models;
			sourceTree = "<group>";
		};
/* End PBXGroup section */

/* Begin PBXNativeTarget section */
		CA3C5F9B2B4EEF4800E1E2DE /* Country Flag Game */ = {
			isa = PBXNativeTarget;
			buildConfigurationList = CA3C5FC12B4EEF4A00E1E2DE /* Build configuration list for PBXNativeTarget "Country Flag Game" */;
			buildPhases = (
				CA3C5F982B4EEF4800E1E2DE /* Sources */,
				CA3C5F992B4EEF4800E1E2DE /* Frameworks */,
				CA3C5F9A2B4EEF4800E1E2DE /* Resources */,
			);
			buildRules = (
			);
			dependencies = (
			);
			name = "Country Flag Game";
			productName = "Country Flag Game";
			productReference = CA3C5F9C2B4EEF4800E1E2DE /* Country Flag Game.app */;
			productType = "com.apple.product-type.application";
		};
		CA3C5FAC2B4EEF4A00E1E2DE /* Country Flag GameTests */ = {
			isa = PBXNativeTarget;
			buildConfigurationList = CA3C5FC42B4EEF4A00E1E2DE /* Build configuration list for PBXNativeTarget "Country Flag GameTests" */;
			buildPhases = (
				CA3C5FA92B4EEF4A00E1E2DE /* Sources */,
				CA3C5FAA2B4EEF4A00E1E2DE /* Frameworks */,
				CA3C5FAB2B4EEF4A00E1E2DE /* Resources */,
			);
			buildRules = (
			);
			dependencies = (
				CA3C5FAF2B4EEF4A00E1E2DE /* PBXTargetDependency */,
			);
			name = "Country Flag GameTests";
			productName = "Country Flag GameTests";
			productReference = CA3C5FAD2B4EEF4A00E1E2DE /* Country Flag GameTests.xctest */;
			productType = "com.apple.product-type.bundle.unit-test";
		};
		CA3C5FB62B4EEF4A00E1E2DE /* Country Flag GameUITests */ = {
			isa = PBXNativeTarget;
			buildConfigurationList = CA3C5FC72B4EEF4A00E1E2DE /* Build configuration list for PBXNativeTarget "Country Flag GameUITests" */;
			buildPhases = (
				CA3C5FB32B4EEF4A00E1E2DE /* Sources */,
				CA3C5FB42B4EEF4A00E1E2DE /* Frameworks */,
				CA3C5FB52B4EEF4A00E1E2DE /* Resources */,
			);
			buildRules = (
			);
			dependencies = (
				CA3C5FB92B4EEF4A00E1E2DE /* PBXTargetDependency */,
			);
			name = "Country Flag GameUITests";
			productName = "Country Flag GameUITests";
			productReference = CA3C5FB72B4EEF4A00E1E2DE /* Country Flag GameUITests.xctest */;
			productType = "com.apple.product-type.bundle.ui-testing";
		};
/* End PBXNativeTarget section */

/* Begin PBXProject section */
		CA3C5F942B4EEF4800E1E2DE /* Project object */ = {
			isa = PBXProject;
			attributes = {
				BuildIndependentTargetsInParallel = 1;
				LastSwiftUpdateCheck = 1430;
				LastUpgradeCheck = 1430;
				TargetAttributes = {
					CA3C5F9B2B4EEF4800E1E2DE = {
						CreatedOnToolsVersion = 14.3.1;
					};
					CA3C5FAC2B4EEF4A00E1E2DE = {
						CreatedOnToolsVersion = 14.3.1;
						TestTargetID = CA3C5F9B2B4EEF4800E1E2DE;
					};
					CA3C5FB62B4EEF4A00E1E2DE = {
						CreatedOnToolsVersion = 14.3.1;
						TestTargetID = CA3C5F9B2B4EEF4800E1E2DE;
					};
				};
			};
			buildConfigurationList = CA3C5F972B4EEF4800E1E2DE /* Build configuration list for PBXProject "Country Flag Game" */;
			compatibilityVersion = "Xcode 14.0";
			developmentRegion = en;
			hasScannedForEncodings = 0;
			knownRegions = (
				en,
				Base,
			);
			mainGroup = CA3C5F932B4EEF4800E1E2DE;
			productRefGroup = CA3C5F9D2B4EEF4800E1E2DE /* Products */;
			projectDirPath = "";
			projectRoot = "";
			targets = (
				CA3C5F9B2B4EEF4800E1E2DE /* Country Flag Game */,
				CA3C5FAC2B4EEF4A00E1E2DE /* Country Flag GameTests */,
				CA3C5FB62B4EEF4A00E1E2DE /* Country Flag GameUITests */,
			);
		};
/* End PBXProject section */

/* Begin PBXResourcesBuildPhase section */
		CA3C5F9A2B4EEF4800E1E2DE /* Resources */ = {
			isa = PBXResourcesBuildPhase;
			buildActionMask = 2147483647;
			files = (
				CA3C5FA82B4EEF4A00E1E2DE /* Preview Assets.xcassets in Resources */,
				CA3C5FA42B4EEF4A00E1E2DE /* Assets.xcassets in Resources */,
			);
			runOnlyForDeploymentPostprocessing = 0;
		};
		CA3C5FAB2B4EEF4A00E1E2DE /* Resources */ = {
			isa = PBXResourcesBuildPhase;
			buildActionMask = 2147483647;
			files = (
			);
			runOnlyForDeploymentPostprocessing = 0;
		};
		CA3C5FB52B4EEF4A00E1E2DE /* Resources */ = {
			isa = PBXResourcesBuildPhase;
			buildActionMask = 2147483647;
			files = (
			);
			runOnlyForDeploymentPostprocessing = 0;
		};
/* End PBXResourcesBuildPhase section */

/* Begin PBXSourcesBuildPhase section */
		CA3C5F982B4EEF4800E1E2DE /* Sources */ = {
			isa = PBXSourcesBuildPhase;
			buildActionMask = 2147483647;
			files = (
				CA3C5FD12B4EF21700E1E2DE /* CustomButton.swift in Sources */,
				CA3C5FCF2B4EF12C00E1E2DE /* Question.swift in Sources */,
				CA3C5FA22B4EEF4800E1E2DE /* ContentView.swift in Sources */,
				CA3C5FD72B50415800E1E2DE /* QuestionView.swift in Sources */,
				CA3C5FD32B4EF2AF00E1E2DE /* ProgressBar.swift in Sources */,
				CA3C5FD52B503F3100E1E2DE /* AnswerRow.swift in Sources */,
				CA3C5FA02B4EEF4800E1E2DE /* Country_Flag_GameApp.swift in Sources */,
			);
			runOnlyForDeploymentPostprocessing = 0;
		};
		CA3C5FA92B4EEF4A00E1E2DE /* Sources */ = {
			isa = PBXSourcesBuildPhase;
			buildActionMask = 2147483647;
			files = (
				CA3C5FB22B4EEF4A00E1E2DE /* Country_Flag_GameTests.swift in Sources */,
			);
			runOnlyForDeploymentPostprocessing = 0;
		};
		CA3C5FB32B4EEF4A00E1E2DE /* Sources */ = {
			isa = PBXSourcesBuildPhase;
			buildActionMask = 2147483647;
			files = (
				CA3C5FBC2B4EEF4A00E1E2DE /* Country_Flag_GameUITests.swift in Sources */,
				CA3C5FBE2B4EEF4A00E1E2DE /* Country_Flag_GameUITestsLaunchTests.swift in Sources */,
			);
			runOnlyForDeploymentPostprocessing = 0;
		};
/* End PBXSourcesBuildPhase section */

/* Begin PBXTargetDependency section */
		CA3C5FAF2B4EEF4A00E1E2DE /* PBXTargetDependency */ = {
			isa = PBXTargetDependency;
			target = CA3C5F9B2B4EEF4800E1E2DE /* Country Flag Game */;
			targetProxy = CA3C5FAE2B4EEF4A00E1E2DE /* PBXContainerItemProxy */;
		};
		CA3C5FB92B4EEF4A00E1E2DE /* PBXTargetDependency */ = {
			isa = PBXTargetDependency;
			target = CA3C5F9B2B4EEF4800E1E2DE /* Country Flag Game */;
			targetProxy = CA3C5FB82B4EEF4A00E1E2DE /* PBXContainerItemProxy */;
		};
/* End PBXTargetDependency section */

/* Begin XCBuildConfiguration section */
		CA3C5FBF2B4EEF4A00E1E2DE /* Debug */ = {
			isa = XCBuildConfiguration;
			buildSettings = {
				ALWAYS_SEARCH_USER_PATHS = NO;
				CLANG_ANALYZER_NONNULL = YES;
				CLANG_ANALYZER_NUMBER_OBJECT_CONVERSION = YES_AGGRESSIVE;
				CLANG_CXX_LANGUAGE_STANDARD = "gnu++20";
				CLANG_ENABLE_MODULES = YES;
				CLANG_ENABLE_OBJC_ARC = YES;
				CLANG_ENABLE_OBJC_WEAK = YES;
				CLANG_WARN_BLOCK_CAPTURE_AUTORELEASING = YES;
				CLANG_WARN_BOOL_CONVERSION = YES;
				CLANG_WARN_COMMA = YES;
				CLANG_WARN_CONSTANT_CONVERSION = YES;
				CLANG_WARN_DEPRECATED_OBJC_IMPLEMENTATIONS = YES;
				CLANG_WARN_DIRECT_OBJC_ISA_USAGE = YES_ERROR;
				CLANG_WARN_DOCUMENTATION_COMMENTS = YES;
				CLANG_WARN_EMPTY_BODY = YES;
				CLANG_WARN_ENUM_CONVERSION = YES;
				CLANG_WARN_INFINITE_RECURSION = YES;
				CLANG_WARN_INT_CONVERSION = YES;
				CLANG_WARN_NON_LITERAL_NULL_CONVERSION = YES;
				CLANG_WARN_OBJC_IMPLICIT_RETAIN_SELF = YES;
				CLANG_WARN_OBJC_LITERAL_CONVERSION = YES;
				CLANG_WARN_OBJC_ROOT_CLASS = YES_ERROR;
				CLANG_WARN_QUOTED_INCLUDE_IN_FRAMEWORK_HEADER = YES;
				CLANG_WARN_RANGE_LOOP_ANALYSIS = YES;
				CLANG_WARN_STRICT_PROTOTYPES = YES;
				CLANG_WARN_SUSPICIOUS_MOVE = YES;
				CLANG_WARN_UNGUARDED_AVAILABILITY = YES_AGGRESSIVE;
				CLANG_WARN_UNREACHABLE_CODE = YES;
				CLANG_WARN__DUPLICATE_METHOD_MATCH = YES;
				COPY_PHASE_STRIP = NO;
				DEBUG_INFORMATION_FORMAT = dwarf;
				ENABLE_STRICT_OBJC_MSGSEND = YES;
				ENABLE_TESTABILITY = YES;
				GCC_C_LANGUAGE_STANDARD = gnu11;
				GCC_DYNAMIC_NO_PIC = NO;
				GCC_NO_COMMON_BLOCKS = YES;
				GCC_OPTIMIZATION_LEVEL = 0;
				GCC_PREPROCESSOR_DEFINITIONS = (
					"DEBUG=1",
					"$(inherited)",
				);
				GCC_WARN_64_TO_32_BIT_CONVERSION = YES;
				GCC_WARN_ABOUT_RETURN_TYPE = YES_ERROR;
				GCC_WARN_UNDECLARED_SELECTOR = YES;
				GCC_WARN_UNINITIALIZED_AUTOS = YES_AGGRESSIVE;
				GCC_WARN_UNUSED_FUNCTION = YES;
				GCC_WARN_UNUSED_VARIABLE = YES;
				MTL_ENABLE_DEBUG_INFO = INCLUDE_SOURCE;
				MTL_FAST_MATH = YES;
				ONLY_ACTIVE_ARCH = YES;
				SWIFT_ACTIVE_COMPILATION_CONDITIONS = DEBUG;
				SWIFT_OPTIMIZATION_LEVEL = "-Onone";
			};
			name = Debug;
		};
		CA3C5FC02B4EEF4A00E1E2DE /* Release */ = {
			isa = XCBuildConfiguration;
			buildSettings = {
				ALWAYS_SEARCH_USER_PATHS = NO;
				CLANG_ANALYZER_NONNULL = YES;
				CLANG_ANALYZER_NUMBER_OBJECT_CONVERSION = YES_AGGRESSIVE;
				CLANG_CXX_LANGUAGE_STANDARD = "gnu++20";
				CLANG_ENABLE_MODULES = YES;
				CLANG_ENABLE_OBJC_ARC = YES;
				CLANG_ENABLE_OBJC_WEAK = YES;
				CLANG_WARN_BLOCK_CAPTURE_AUTORELEASING = YES;
				CLANG_WARN_BOOL_CONVERSION = YES;
				CLANG_WARN_COMMA = YES;
				CLANG_WARN_CONSTANT_CONVERSION = YES;
				CLANG_WARN_DEPRECATED_OBJC_IMPLEMENTATIONS = YES;
				CLANG_WARN_DIRECT_OBJC_ISA_USAGE = YES_ERROR;
				CLANG_WARN_DOCUMENTATION_COMMENTS = YES;
				CLANG_WARN_EMPTY_BODY = YES;
				CLANG_WARN_ENUM_CONVERSION = YES;
				CLANG_WARN_INFINITE_RECURSION = YES;
				CLANG_WARN_INT_CONVERSION = YES;
				CLANG_WARN_NON_LITERAL_NULL_CONVERSION = YES;
				CLANG_WARN_OBJC_IMPLICIT_RETAIN_SELF = YES;
				CLANG_WARN_OBJC_LITERAL_CONVERSION = YES;
				CLANG_WARN_OBJC_ROOT_CLASS = YES_ERROR;
				CLANG_WARN_QUOTED_INCLUDE_IN_FRAMEWORK_HEADER = YES;
				CLANG_WARN_RANGE_LOOP_ANALYSIS = YES;
				CLANG_WARN_STRICT_PROTOTYPES = YES;
				CLANG_WARN_SUSPICIOUS_MOVE = YES;
				CLANG_WARN_UNGUARDED_AVAILABILITY = YES_AGGRESSIVE;
				CLANG_WARN_UNREACHABLE_CODE = YES;
				CLANG_WARN__DUPLICATE_METHOD_MATCH = YES;
				COPY_PHASE_STRIP = NO;
				DEBUG_INFORMATION_FORMAT = "dwarf-with-dsym";
				ENABLE_NS_ASSERTIONS = NO;
				ENABLE_STRICT_OBJC_MSGSEND = YES;
				GCC_C_LANGUAGE_STANDARD = gnu11;
				GCC_NO_COMMON_BLOCKS = YES;
				GCC_WARN_64_TO_32_BIT_CONVERSION = YES;
				GCC_WARN_ABOUT_RETURN_TYPE = YES_ERROR;
				GCC_WARN_UNDECLARED_SELECTOR = YES;
				GCC_WARN_UNINITIALIZED_AUTOS = YES_AGGRESSIVE;
				GCC_WARN_UNUSED_FUNCTION = YES;
				GCC_WARN_UNUSED_VARIABLE = YES;
				MTL_ENABLE_DEBUG_INFO = NO;
				MTL_FAST_MATH = YES;
				SWIFT_COMPILATION_MODE = wholemodule;
				SWIFT_OPTIMIZATION_LEVEL = "-O";
			};
			name = Release;
		};
		CA3C5FC22B4EEF4A00E1E2DE /* Debug */ = {
			isa = XCBuildConfiguration;
			buildSettings = {
				ASSETCATALOG_COMPILER_APPICON_NAME = AppIcon;
				ASSETCATALOG_COMPILER_GLOBAL_ACCENT_COLOR_NAME = AccentColor;
				CODE_SIGN_ENTITLEMENTS = "Country Flag Game/Country_Flag_Game.entitlements";
				CODE_SIGN_STYLE = Automatic;
				CURRENT_PROJECT_VERSION = 1;
				DEVELOPMENT_ASSET_PATHS = "\"Country Flag Game/Preview Content\"";
				DEVELOPMENT_TEAM = HLCYK9G2MU;
				ENABLE_HARDENED_RUNTIME = YES;
				ENABLE_PREVIEWS = YES;
				GENERATE_INFOPLIST_FILE = YES;
				"INFOPLIST_KEY_UIApplicationSceneManifest_Generation[sdk=iphoneos*]" = YES;
				"INFOPLIST_KEY_UIApplicationSceneManifest_Generation[sdk=iphonesimulator*]" = YES;
				"INFOPLIST_KEY_UIApplicationSupportsIndirectInputEvents[sdk=iphoneos*]" = YES;
				"INFOPLIST_KEY_UIApplicationSupportsIndirectInputEvents[sdk=iphonesimulator*]" = YES;
				"INFOPLIST_KEY_UILaunchScreen_Generation[sdk=iphoneos*]" = YES;
				"INFOPLIST_KEY_UILaunchScreen_Generation[sdk=iphonesimulator*]" = YES;
				"INFOPLIST_KEY_UIStatusBarStyle[sdk=iphoneos*]" = UIStatusBarStyleDefault;
				"INFOPLIST_KEY_UIStatusBarStyle[sdk=iphonesimulator*]" = UIStatusBarStyleDefault;
				INFOPLIST_KEY_UISupportedInterfaceOrientations_iPad = "UIInterfaceOrientationPortrait UIInterfaceOrientationPortraitUpsideDown UIInterfaceOrientationLandscapeLeft UIInterfaceOrientationLandscapeRight";
				INFOPLIST_KEY_UISupportedInterfaceOrientations_iPhone = "UIInterfaceOrientationPortrait UIInterfaceOrientationLandscapeLeft UIInterfaceOrientationLandscapeRight";
				IPHONEOS_DEPLOYMENT_TARGET = 16.4;
				LD_RUNPATH_SEARCH_PATHS = "@executable_path/Frameworks";
				"LD_RUNPATH_SEARCH_PATHS[sdk=macosx*]" = "@executable_path/../Frameworks";
				MACOSX_DEPLOYMENT_TARGET = 13.3;
				MARKETING_VERSION = 1.0;
				PRODUCT_BUNDLE_IDENTIFIER = "Wills-software.Country-Flag-Game";
				PRODUCT_NAME = "$(TARGET_NAME)";
				SDKROOT = auto;
				SUPPORTED_PLATFORMS = "iphoneos iphonesimulator macosx";
				SWIFT_EMIT_LOC_STRINGS = YES;
				SWIFT_VERSION = 5.0;
				TARGETED_DEVICE_FAMILY = "1,2";
			};
			name = Debug;
		};
		CA3C5FC32B4EEF4A00E1E2DE /* Release */ = {
			isa = XCBuildConfiguration;
			buildSettings = {
				ASSETCATALOG_COMPILER_APPICON_NAME = AppIcon;
				ASSETCATALOG_COMPILER_GLOBAL_ACCENT_COLOR_NAME = AccentColor;
				CODE_SIGN_ENTITLEMENTS = "Country Flag Game/Country_Flag_Game.entitlements";
				CODE_SIGN_STYLE = Automatic;
				CURRENT_PROJECT_VERSION = 1;
				DEVELOPMENT_ASSET_PATHS = "\"Country Flag Game/Preview Content\"";
				DEVELOPMENT_TEAM = HLCYK9G2MU;
				ENABLE_HARDENED_RUNTIME = YES;
				ENABLE_PREVIEWS = YES;
				GENERATE_INFOPLIST_FILE = YES;
				"INFOPLIST_KEY_UIApplicationSceneManifest_Generation[sdk=iphoneos*]" = YES;
				"INFOPLIST_KEY_UIApplicationSceneManifest_Generation[sdk=iphonesimulator*]" = YES;
				"INFOPLIST_KEY_UIApplicationSupportsIndirectInputEvents[sdk=iphoneos*]" = YES;
				"INFOPLIST_KEY_UIApplicationSupportsIndirectInputEvents[sdk=iphonesimulator*]" = YES;
				"INFOPLIST_KEY_UILaunchScreen_Generation[sdk=iphoneos*]" = YES;
				"INFOPLIST_KEY_UILaunchScreen_Generation[sdk=iphonesimulator*]" = YES;
				"INFOPLIST_KEY_UIStatusBarStyle[sdk=iphoneos*]" = UIStatusBarStyleDefault;
				"INFOPLIST_KEY_UIStatusBarStyle[sdk=iphonesimulator*]" = UIStatusBarStyleDefault;
				INFOPLIST_KEY_UISupportedInterfaceOrientations_iPad = "UIInterfaceOrientationPortrait UIInterfaceOrientationPortraitUpsideDown UIInterfaceOrientationLandscapeLeft UIInterfaceOrientationLandscapeRight";
				INFOPLIST_KEY_UISupportedInterfaceOrientations_iPhone = "UIInterfaceOrientationPortrait UIInterfaceOrientationLandscapeLeft UIInterfaceOrientationLandscapeRight";
				IPHONEOS_DEPLOYMENT_TARGET = 16.4;
				LD_RUNPATH_SEARCH_PATHS = "@executable_path/Frameworks";
				"LD_RUNPATH_SEARCH_PATHS[sdk=macosx*]" = "@executable_path/../Frameworks";
				MACOSX_DEPLOYMENT_TARGET = 13.3;
				MARKETING_VERSION = 1.0;
				PRODUCT_BUNDLE_IDENTIFIER = "Wills-software.Country-Flag-Game";
				PRODUCT_NAME = "$(TARGET_NAME)";
				SDKROOT = auto;
				SUPPORTED_PLATFORMS = "iphoneos iphonesimulator macosx";
				SWIFT_EMIT_LOC_STRINGS = YES;
				SWIFT_VERSION = 5.0;
				TARGETED_DEVICE_FAMILY = "1,2";
			};
			name = Release;
		};
		CA3C5FC52B4EEF4A00E1E2DE /* Debug */ = {
			isa = XCBuildConfiguration;
			buildSettings = {
				ALWAYS_EMBED_SWIFT_STANDARD_LIBRARIES = YES;
				BUNDLE_LOADER = "$(TEST_HOST)";
				CODE_SIGN_STYLE = Automatic;
				CURRENT_PROJECT_VERSION = 1;
				DEVELOPMENT_TEAM = HLCYK9G2MU;
				GENERATE_INFOPLIST_FILE = YES;
				IPHONEOS_DEPLOYMENT_TARGET = 16.4;
				MACOSX_DEPLOYMENT_TARGET = 13.3;
				MARKETING_VERSION = 1.0;
				PRODUCT_BUNDLE_IDENTIFIER = "Wills-software.Country-Flag-GameTests";
				PRODUCT_NAME = "$(TARGET_NAME)";
				SDKROOT = auto;
				SUPPORTED_PLATFORMS = "iphoneos iphonesimulator macosx";
				SWIFT_EMIT_LOC_STRINGS = NO;
				SWIFT_VERSION = 5.0;
				TARGETED_DEVICE_FAMILY = "1,2";
				TEST_HOST = "$(BUILT_PRODUCTS_DIR)/Country Flag Game.app/$(BUNDLE_EXECUTABLE_FOLDER_PATH)/Country Flag Game";
			};
			name = Debug;
		};
		CA3C5FC62B4EEF4A00E1E2DE /* Release */ = {
			isa = XCBuildConfiguration;
			buildSettings = {
				ALWAYS_EMBED_SWIFT_STANDARD_LIBRARIES = YES;
				BUNDLE_LOADER = "$(TEST_HOST)";
				CODE_SIGN_STYLE = Automatic;
				CURRENT_PROJECT_VERSION = 1;
				DEVELOPMENT_TEAM = HLCYK9G2MU;
				GENERATE_INFOPLIST_FILE = YES;
				IPHONEOS_DEPLOYMENT_TARGET = 16.4;
				MACOSX_DEPLOYMENT_TARGET = 13.3;
				MARKETING_VERSION = 1.0;
				PRODUCT_BUNDLE_IDENTIFIER = "Wills-software.Country-Flag-GameTests";
				PRODUCT_NAME = "$(TARGET_NAME)";
				SDKROOT = auto;
				SUPPORTED_PLATFORMS = "iphoneos iphonesimulator macosx";
				SWIFT_EMIT_LOC_STRINGS = NO;
				SWIFT_VERSION = 5.0;
				TARGETED_DEVICE_FAMILY = "1,2";
				TEST_HOST = "$(BUILT_PRODUCTS_DIR)/Country Flag Game.app/$(BUNDLE_EXECUTABLE_FOLDER_PATH)/Country Flag Game";
			};
			name = Release;
		};
		CA3C5FC82B4EEF4A00E1E2DE /* Debug */ = {
			isa = XCBuildConfiguration;
			buildSettings = {
				ALWAYS_EMBED_SWIFT_STANDARD_LIBRARIES = YES;
				CODE_SIGN_STYLE = Automatic;
				CURRENT_PROJECT_VERSION = 1;
				DEVELOPMENT_TEAM = HLCYK9G2MU;
				GENERATE_INFOPLIST_FILE = YES;
				IPHONEOS_DEPLOYMENT_TARGET = 16.4;
				MACOSX_DEPLOYMENT_TARGET = 13.3;
				MARKETING_VERSION = 1.0;
				PRODUCT_BUNDLE_IDENTIFIER = "Wills-software.Country-Flag-GameUITests";
				PRODUCT_NAME = "$(TARGET_NAME)";
				SDKROOT = auto;
				SUPPORTED_PLATFORMS = "iphoneos iphonesimulator macosx";
				SWIFT_EMIT_LOC_STRINGS = NO;
				SWIFT_VERSION = 5.0;
				TARGETED_DEVICE_FAMILY = "1,2";
				TEST_TARGET_NAME = "Country Flag Game";
			};
			name = Debug;
		};
		CA3C5FC92B4EEF4A00E1E2DE /* Release */ = {
			isa = XCBuildConfiguration;
			buildSettings = {
				ALWAYS_EMBED_SWIFT_STANDARD_LIBRARIES = YES;
				CODE_SIGN_STYLE = Automatic;
				CURRENT_PROJECT_VERSION = 1;
				DEVELOPMENT_TEAM = HLCYK9G2MU;
				GENERATE_INFOPLIST_FILE = YES;
				IPHONEOS_DEPLOYMENT_TARGET = 16.4;
				MACOSX_DEPLOYMENT_TARGET = 13.3;
				MARKETING_VERSION = 1.0;
				PRODUCT_BUNDLE_IDENTIFIER = "Wills-software.Country-Flag-GameUITests";
				PRODUCT_NAME = "$(TARGET_NAME)";
				SDKROOT = auto;
				SUPPORTED_PLATFORMS = "iphoneos iphonesimulator macosx";
				SWIFT_EMIT_LOC_STRINGS = NO;
				SWIFT_VERSION = 5.0;
				TARGETED_DEVICE_FAMILY = "1,2";
				TEST_TARGET_NAME = "Country Flag Game";
			};
			name = Release;
		};
/* End XCBuildConfiguration section */

/* Begin XCConfigurationList section */
		CA3C5F972B4EEF4800E1E2DE /* Build configuration list for PBXProject "Country Flag Game" */ = {
			isa = XCConfigurationList;
			buildConfigurations = (
				CA3C5FBF2B4EEF4A00E1E2DE /* Debug */,
				CA3C5FC02B4EEF4A00E1E2DE /* Release */,
			);
			defaultConfigurationIsVisible = 0;
			defaultConfigurationName = Release;
		};
		CA3C5FC12B4EEF4A00E1E2DE /* Build configuration list for PBXNativeTarget "Country Flag Game" */ = {
			isa = XCConfigurationList;
			buildConfigurations = (
				CA3C5FC22B4EEF4A00E1E2DE /* Debug */,
				CA3C5FC32B4EEF4A00E1E2DE /* Release */,
			);
			defaultConfigurationIsVisible = 0;
			defaultConfigurationName = Release;
		};
		CA3C5FC42B4EEF4A00E1E2DE /* Build configuration list for PBXNativeTarget "Country Flag GameTests" */ = {
			isa = XCConfigurationList;
			buildConfigurations = (
				CA3C5FC52B4EEF4A00E1E2DE /* Debug */,
				CA3C5FC62B4EEF4A00E1E2DE /* Release */,
			);
			defaultConfigurationIsVisible = 0;
			defaultConfigurationName = Release;
		};
		CA3C5FC72B4EEF4A00E1E2DE /* Build configuration list for PBXNativeTarget "Country Flag GameUITests" */ = {
			isa = XCConfigurationList;
			buildConfigurations = (
				CA3C5FC82B4EEF4A00E1E2DE /* Debug */,
				CA3C5FC92B4EEF4A00E1E2DE /* Release */,
			);
			defaultConfigurationIsVisible = 0;
			defaultConfigurationName = Release;
		};
/* End XCConfigurationList section */
	};
	rootObject = CA3C5F942B4EEF4800E1E2DE /* Project object */;
}
